// !$*UTF8*$!
{
	archiveVersion = 1;
	classes = {
	};
	objectVersion = 55;
	objects = {

/* Begin PBXBuildFile section */
		9014602E283E178100C18D1B /* CasperSDKObjectiveC in Frameworks */ = {isa = PBXBuildFile; productRef = 9014602D283E178100C18D1B /* CasperSDKObjectiveC */; };
		908F6F4F283CD8F30050531B /* AppDelegate.m in Sources */ = {isa = PBXBuildFile; fileRef = 908F6F4E283CD8F30050531B /* AppDelegate.m */; };
		908F6F52283CD8F30050531B /* SceneDelegate.m in Sources */ = {isa = PBXBuildFile; fileRef = 908F6F51283CD8F30050531B /* SceneDelegate.m */; };
		908F6F55283CD8F30050531B /* ViewController.m in Sources */ = {isa = PBXBuildFile; fileRef = 908F6F54283CD8F30050531B /* ViewController.m */; };
		908F6F58283CD8F30050531B /* Main.storyboard in Resources */ = {isa = PBXBuildFile; fileRef = 908F6F56283CD8F30050531B /* Main.storyboard */; };
		908F6F5A283CD8F50050531B /* Assets.xcassets in Resources */ = {isa = PBXBuildFile; fileRef = 908F6F59283CD8F50050531B /* Assets.xcassets */; };
		908F6F5D283CD8F50050531B /* LaunchScreen.storyboard in Resources */ = {isa = PBXBuildFile; fileRef = 908F6F5B283CD8F50050531B /* LaunchScreen.storyboard */; };
		908F6F60283CD8F50050531B /* main.m in Sources */ = {isa = PBXBuildFile; fileRef = 908F6F5F283CD8F50050531B /* main.m */; };
		908F6F6A283CD8F50050531B /* ObjectiveCApp1Tests.m in Sources */ = {isa = PBXBuildFile; fileRef = 908F6F69283CD8F50050531B /* ObjectiveCApp1Tests.m */; };
		908F6F74283CD8F50050531B /* ObjectiveCApp1UITests.m in Sources */ = {isa = PBXBuildFile; fileRef = 908F6F73283CD8F50050531B /* ObjectiveCApp1UITests.m */; };
		908F6F76283CD8F50050531B /* ObjectiveCApp1UITestsLaunchTests.m in Sources */ = {isa = PBXBuildFile; fileRef = 908F6F75283CD8F50050531B /* ObjectiveCApp1UITestsLaunchTests.m */; };
		90EAADCF283D014D00FECDB6 /* FakeGTMSessionFetcher in Frameworks */ = {isa = PBXBuildFile; productRef = 90EAADCE283D014D00FECDB6 /* FakeGTMSessionFetcher */; };
		90EAADD1283D014D00FECDB6 /* FakeGTMSessionFetcherCore in Frameworks */ = {isa = PBXBuildFile; productRef = 90EAADD0283D014D00FECDB6 /* FakeGTMSessionFetcherCore */; };
		90EAADD3283D014D00FECDB6 /* FakeGTMSessionFetcherFull in Frameworks */ = {isa = PBXBuildFile; productRef = 90EAADD2283D014D00FECDB6 /* FakeGTMSessionFetcherFull */; };
		90EAADD5283D014D00FECDB6 /* FakeGTMSessionFetcherLogView in Frameworks */ = {isa = PBXBuildFile; productRef = 90EAADD4283D014D00FECDB6 /* FakeGTMSessionFetcherLogView */; };
/* End PBXBuildFile section */

/* Begin PBXContainerItemProxy section */
		908F6F66283CD8F50050531B /* PBXContainerItemProxy */ = {
			isa = PBXContainerItemProxy;
			containerPortal = 908F6F42283CD8F30050531B /* Project object */;
			proxyType = 1;
			remoteGlobalIDString = 908F6F49283CD8F30050531B;
			remoteInfo = ObjectiveCApp1;
		};
		908F6F70283CD8F50050531B /* PBXContainerItemProxy */ = {
			isa = PBXContainerItemProxy;
			containerPortal = 908F6F42283CD8F30050531B /* Project object */;
			proxyType = 1;
			remoteGlobalIDString = 908F6F49283CD8F30050531B;
			remoteInfo = ObjectiveCApp1;
		};
/* End PBXContainerItemProxy section */

/* Begin PBXFileReference section */
		908F6F4A283CD8F30050531B /* CasperSDKSampleCall.app */ = {isa = PBXFileReference; explicitFileType = wrapper.application; includeInIndex = 0; path = CasperSDKSampleCall.app; sourceTree = BUILT_PRODUCTS_DIR; };
		908F6F4D283CD8F30050531B /* AppDelegate.h */ = {isa = PBXFileReference; lastKnownFileType = sourcecode.c.h; path = AppDelegate.h; sourceTree = "<group>"; };
		908F6F4E283CD8F30050531B /* AppDelegate.m */ = {isa = PBXFileReference; lastKnownFileType = sourcecode.c.objc; path = AppDelegate.m; sourceTree = "<group>"; };
		908F6F50283CD8F30050531B /* SceneDelegate.h */ = {isa = PBXFileReference; lastKnownFileType = sourcecode.c.h; path = SceneDelegate.h; sourceTree = "<group>"; };
		908F6F51283CD8F30050531B /* SceneDelegate.m */ = {isa = PBXFileReference; lastKnownFileType = sourcecode.c.objc; path = SceneDelegate.m; sourceTree = "<group>"; };
		908F6F53283CD8F30050531B /* ViewController.h */ = {isa = PBXFileReference; lastKnownFileType = sourcecode.c.h; path = ViewController.h; sourceTree = "<group>"; };
		908F6F54283CD8F30050531B /* ViewController.m */ = {isa = PBXFileReference; lastKnownFileType = sourcecode.c.objc; path = ViewController.m; sourceTree = "<group>"; };
		908F6F57283CD8F30050531B /* Base */ = {isa = PBXFileReference; lastKnownFileType = file.storyboard; name = Base; path = Base.lproj/Main.storyboard; sourceTree = "<group>"; };
		908F6F59283CD8F50050531B /* Assets.xcassets */ = {isa = PBXFileReference; lastKnownFileType = folder.assetcatalog; path = Assets.xcassets; sourceTree = "<group>"; };
		908F6F5C283CD8F50050531B /* Base */ = {isa = PBXFileReference; lastKnownFileType = file.storyboard; name = Base; path = Base.lproj/LaunchScreen.storyboard; sourceTree = "<group>"; };
		908F6F5E283CD8F50050531B /* Info.plist */ = {isa = PBXFileReference; lastKnownFileType = text.plist.xml; path = Info.plist; sourceTree = "<group>"; };
		908F6F5F283CD8F50050531B /* main.m */ = {isa = PBXFileReference; lastKnownFileType = sourcecode.c.objc; path = main.m; sourceTree = "<group>"; };
		908F6F65283CD8F50050531B /* CasperSDKSampleCallTests.xctest */ = {isa = PBXFileReference; explicitFileType = wrapper.cfbundle; includeInIndex = 0; path = CasperSDKSampleCallTests.xctest; sourceTree = BUILT_PRODUCTS_DIR; };
		908F6F69283CD8F50050531B /* ObjectiveCApp1Tests.m */ = {isa = PBXFileReference; lastKnownFileType = sourcecode.c.objc; path = ObjectiveCApp1Tests.m; sourceTree = "<group>"; };
		908F6F6F283CD8F50050531B /* CasperSDKSampleCallUITests.xctest */ = {isa = PBXFileReference; explicitFileType = wrapper.cfbundle; includeInIndex = 0; path = CasperSDKSampleCallUITests.xctest; sourceTree = BUILT_PRODUCTS_DIR; };
		908F6F73283CD8F50050531B /* ObjectiveCApp1UITests.m */ = {isa = PBXFileReference; lastKnownFileType = sourcecode.c.objc; path = ObjectiveCApp1UITests.m; sourceTree = "<group>"; };
		908F6F75283CD8F50050531B /* ObjectiveCApp1UITestsLaunchTests.m */ = {isa = PBXFileReference; lastKnownFileType = sourcecode.c.objc; path = ObjectiveCApp1UITestsLaunchTests.m; sourceTree = "<group>"; };
/* End PBXFileReference section */

/* Begin PBXFrameworksBuildPhase section */
		908F6F47283CD8F30050531B /* Frameworks */ = {
			isa = PBXFrameworksBuildPhase;
			buildActionMask = 2147483647;
			files = (
				90EAADD1283D014D00FECDB6 /* FakeGTMSessionFetcherCore in Frameworks */,
				90EAADD5283D014D00FECDB6 /* FakeGTMSessionFetcherLogView in Frameworks */,
				9014602E283E178100C18D1B /* CasperSDKObjectiveC in Frameworks */,
				90EAADD3283D014D00FECDB6 /* FakeGTMSessionFetcherFull in Frameworks */,
				90EAADCF283D014D00FECDB6 /* FakeGTMSessionFetcher in Frameworks */,
			);
			runOnlyForDeploymentPostprocessing = 0;
		};
		908F6F62283CD8F50050531B /* Frameworks */ = {
			isa = PBXFrameworksBuildPhase;
			buildActionMask = 2147483647;
			files = (
			);
			runOnlyForDeploymentPostprocessing = 0;
		};
		908F6F6C283CD8F50050531B /* Frameworks */ = {
			isa = PBXFrameworksBuildPhase;
			buildActionMask = 2147483647;
			files = (
			);
			runOnlyForDeploymentPostprocessing = 0;
		};
/* End PBXFrameworksBuildPhase section */

/* Begin PBXGroup section */
		908F6F41283CD8F30050531B = {
			isa = PBXGroup;
			children = (
				908F6F4C283CD8F30050531B /* ObjectiveCApp1 */,
				908F6F68283CD8F50050531B /* ObjectiveCApp1Tests */,
				908F6F72283CD8F50050531B /* ObjectiveCApp1UITests */,
				908F6F4B283CD8F30050531B /* Products */,
			);
			sourceTree = "<group>";
		};
		908F6F4B283CD8F30050531B /* Products */ = {
			isa = PBXGroup;
			children = (
				908F6F4A283CD8F30050531B /* CasperSDKSampleCall.app */,
				908F6F65283CD8F50050531B /* CasperSDKSampleCallTests.xctest */,
				908F6F6F283CD8F50050531B /* CasperSDKSampleCallUITests.xctest */,
			);
			name = Products;
			sourceTree = "<group>";
		};
		908F6F4C283CD8F30050531B /* ObjectiveCApp1 */ = {
			isa = PBXGroup;
			children = (
				908F6F4D283CD8F30050531B /* AppDelegate.h */,
				908F6F4E283CD8F30050531B /* AppDelegate.m */,
				908F6F50283CD8F30050531B /* SceneDelegate.h */,
				908F6F51283CD8F30050531B /* SceneDelegate.m */,
				908F6F53283CD8F30050531B /* ViewController.h */,
				908F6F54283CD8F30050531B /* ViewController.m */,
				908F6F56283CD8F30050531B /* Main.storyboard */,
				908F6F59283CD8F50050531B /* Assets.xcassets */,
				908F6F5B283CD8F50050531B /* LaunchScreen.storyboard */,
				908F6F5E283CD8F50050531B /* Info.plist */,
				908F6F5F283CD8F50050531B /* main.m */,
			);
			path = ObjectiveCApp1;
			sourceTree = "<group>";
		};
		908F6F68283CD8F50050531B /* ObjectiveCApp1Tests */ = {
			isa = PBXGroup;
			children = (
				908F6F69283CD8F50050531B /* ObjectiveCApp1Tests.m */,
			);
			path = ObjectiveCApp1Tests;
			sourceTree = "<group>";
		};
		908F6F72283CD8F50050531B /* ObjectiveCApp1UITests */ = {
			isa = PBXGroup;
			children = (
				908F6F73283CD8F50050531B /* ObjectiveCApp1UITests.m */,
				908F6F75283CD8F50050531B /* ObjectiveCApp1UITestsLaunchTests.m */,
			);
			path = ObjectiveCApp1UITests;
			sourceTree = "<group>";
		};
/* End PBXGroup section */

/* Begin PBXNativeTarget section */
		908F6F49283CD8F30050531B /* CasperSDKSampleCall */ = {
			isa = PBXNativeTarget;
			buildConfigurationList = 908F6F79283CD8F50050531B /* Build configuration list for PBXNativeTarget "CasperSDKSampleCall" */;
			buildPhases = (
				908F6F46283CD8F30050531B /* Sources */,
				908F6F47283CD8F30050531B /* Frameworks */,
				908F6F48283CD8F30050531B /* Resources */,
			);
			buildRules = (
			);
			dependencies = (
			);
			name = CasperSDKSampleCall;
			packageProductDependencies = (
				90EAADCE283D014D00FECDB6 /* FakeGTMSessionFetcher */,
				90EAADD0283D014D00FECDB6 /* FakeGTMSessionFetcherCore */,
				90EAADD2283D014D00FECDB6 /* FakeGTMSessionFetcherFull */,
				90EAADD4283D014D00FECDB6 /* FakeGTMSessionFetcherLogView */,
				9014602D283E178100C18D1B /* CasperSDKObjectiveC */,
			);
			productName = ObjectiveCApp1;
			productReference = 908F6F4A283CD8F30050531B /* CasperSDKSampleCall.app */;
			productType = "com.apple.product-type.application";
		};
		908F6F64283CD8F50050531B /* CasperSDKSampleCallTests */ = {
			isa = PBXNativeTarget;
			buildConfigurationList = 908F6F7C283CD8F50050531B /* Build configuration list for PBXNativeTarget "CasperSDKSampleCallTests" */;
			buildPhases = (
				908F6F61283CD8F50050531B /* Sources */,
				908F6F62283CD8F50050531B /* Frameworks */,
				908F6F63283CD8F50050531B /* Resources */,
			);
			buildRules = (
			);
			dependencies = (
				908F6F67283CD8F50050531B /* PBXTargetDependency */,
			);
			name = CasperSDKSampleCallTests;
			productName = ObjectiveCApp1Tests;
			productReference = 908F6F65283CD8F50050531B /* CasperSDKSampleCallTests.xctest */;
			productType = "com.apple.product-type.bundle.unit-test";
		};
		908F6F6E283CD8F50050531B /* CasperSDKSampleCallUITests */ = {
			isa = PBXNativeTarget;
			buildConfigurationList = 908F6F7F283CD8F50050531B /* Build configuration list for PBXNativeTarget "CasperSDKSampleCallUITests" */;
			buildPhases = (
				908F6F6B283CD8F50050531B /* Sources */,
				908F6F6C283CD8F50050531B /* Frameworks */,
				908F6F6D283CD8F50050531B /* Resources */,
			);
			buildRules = (
			);
			dependencies = (
				908F6F71283CD8F50050531B /* PBXTargetDependency */,
			);
			name = CasperSDKSampleCallUITests;
			productName = ObjectiveCApp1UITests;
			productReference = 908F6F6F283CD8F50050531B /* CasperSDKSampleCallUITests.xctest */;
			productType = "com.apple.product-type.bundle.ui-testing";
		};
/* End PBXNativeTarget section */

/* Begin PBXProject section */
		908F6F42283CD8F30050531B /* Project object */ = {
			isa = PBXProject;
			attributes = {
				BuildIndependentTargetsInParallel = 1;
				LastUpgradeCheck = 1300;
				TargetAttributes = {
					908F6F49283CD8F30050531B = {
						CreatedOnToolsVersion = 13.0;
					};
					908F6F64283CD8F50050531B = {
						CreatedOnToolsVersion = 13.0;
						TestTargetID = 908F6F49283CD8F30050531B;
					};
					908F6F6E283CD8F50050531B = {
						CreatedOnToolsVersion = 13.0;
						TestTargetID = 908F6F49283CD8F30050531B;
					};
				};
			};
			buildConfigurationList = 908F6F45283CD8F30050531B /* Build configuration list for PBXProject "CasperSDKSampleCall" */;
			compatibilityVersion = "Xcode 13.0";
			developmentRegion = en;
			hasScannedForEncodings = 0;
			knownRegions = (
				en,
				Base,
			);
			mainGroup = 908F6F41283CD8F30050531B;
			packageReferences = (
				90EAADCD283D014D00FECDB6 /* XCRemoteSwiftPackageReference "SampleLibraryInObjectiveC1" */,
				9014602C283E178100C18D1B /* XCRemoteSwiftPackageReference "Casper-ObjectiveC-sdk" */,
			);
			productRefGroup = 908F6F4B283CD8F30050531B /* Products */;
			projectDirPath = "";
			projectRoot = "";
			targets = (
				908F6F49283CD8F30050531B /* CasperSDKSampleCall */,
				908F6F64283CD8F50050531B /* CasperSDKSampleCallTests */,
				908F6F6E283CD8F50050531B /* CasperSDKSampleCallUITests */,
			);
		};
/* End PBXProject section */

/* Begin PBXResourcesBuildPhase section */
		908F6F48283CD8F30050531B /* Resources */ = {
			isa = PBXResourcesBuildPhase;
			buildActionMask = 2147483647;
			files = (
				908F6F5D283CD8F50050531B /* LaunchScreen.storyboard in Resources */,
				908F6F5A283CD8F50050531B /* Assets.xcassets in Resources */,
				908F6F58283CD8F30050531B /* Main.storyboard in Resources */,
			);
			runOnlyForDeploymentPostprocessing = 0;
		};
		908F6F63283CD8F50050531B /* Resources */ = {
			isa = PBXResourcesBuildPhase;
			buildActionMask = 2147483647;
			files = (
			);
			runOnlyForDeploymentPostprocessing = 0;
		};
		908F6F6D283CD8F50050531B /* Resources */ = {
			isa = PBXResourcesBuildPhase;
			buildActionMask = 2147483647;
			files = (
			);
			runOnlyForDeploymentPostprocessing = 0;
		};
/* End PBXResourcesBuildPhase section */

/* Begin PBXSourcesBuildPhase section */
		908F6F46283CD8F30050531B /* Sources */ = {
			isa = PBXSourcesBuildPhase;
			buildActionMask = 2147483647;
			files = (
				908F6F55283CD8F30050531B /* ViewController.m in Sources */,
				908F6F4F283CD8F30050531B /* AppDelegate.m in Sources */,
				908F6F60283CD8F50050531B /* main.m in Sources */,
				908F6F52283CD8F30050531B /* SceneDelegate.m in Sources */,
			);
			runOnlyForDeploymentPostprocessing = 0;
		};
		908F6F61283CD8F50050531B /* Sources */ = {
			isa = PBXSourcesBuildPhase;
			buildActionMask = 2147483647;
			files = (
				908F6F6A283CD8F50050531B /* ObjectiveCApp1Tests.m in Sources */,
			);
			runOnlyForDeploymentPostprocessing = 0;
		};
		908F6F6B283CD8F50050531B /* Sources */ = {
			isa = PBXSourcesBuildPhase;
			buildActionMask = 2147483647;
			files = (
				908F6F76283CD8F50050531B /* ObjectiveCApp1UITestsLaunchTests.m in Sources */,
				908F6F74283CD8F50050531B /* ObjectiveCApp1UITests.m in Sources */,
			);
			runOnlyForDeploymentPostprocessing = 0;
		};
/* End PBXSourcesBuildPhase section */

/* Begin PBXTargetDependency section */
		908F6F67283CD8F50050531B /* PBXTargetDependency */ = {
			isa = PBXTargetDependency;
			target = 908F6F49283CD8F30050531B /* CasperSDKSampleCall */;
			targetProxy = 908F6F66283CD8F50050531B /* PBXContainerItemProxy */;
		};
		908F6F71283CD8F50050531B /* PBXTargetDependency */ = {
			isa = PBXTargetDependency;
			target = 908F6F49283CD8F30050531B /* CasperSDKSampleCall */;
			targetProxy = 908F6F70283CD8F50050531B /* PBXContainerItemProxy */;
		};
/* End PBXTargetDependency section */

/* Begin PBXVariantGroup section */
		908F6F56283CD8F30050531B /* Main.storyboard */ = {
			isa = PBXVariantGroup;
			children = (
				908F6F57283CD8F30050531B /* Base */,
			);
			name = Main.storyboard;
			sourceTree = "<group>";
		};
		908F6F5B283CD8F50050531B /* LaunchScreen.storyboard */ = {
			isa = PBXVariantGroup;
			children = (
				908F6F5C283CD8F50050531B /* Base */,
			);
			name = LaunchScreen.storyboard;
			sourceTree = "<group>";
		};
/* End PBXVariantGroup section */

/* Begin XCBuildConfiguration section */
		908F6F77283CD8F50050531B /* Debug */ = {
			isa = XCBuildConfiguration;
			buildSettings = {
				ALWAYS_SEARCH_USER_PATHS = NO;
				CLANG_ANALYZER_NONNULL = YES;
				CLANG_ANALYZER_NUMBER_OBJECT_CONVERSION = YES_AGGRESSIVE;
				CLANG_CXX_LANGUAGE_STANDARD = "gnu++17";
				CLANG_CXX_LIBRARY = "libc++";
				CLANG_ENABLE_MODULES = YES;
				CLANG_ENABLE_OBJC_ARC = YES;
				CLANG_ENABLE_OBJC_WEAK = YES;
				CLANG_WARN_BLOCK_CAPTURE_AUTORELEASING = YES;
				CLANG_WARN_BOOL_CONVERSION = YES;
				CLANG_WARN_COMMA = YES;
				CLANG_WARN_CONSTANT_CONVERSION = YES;
				CLANG_WARN_DEPRECATED_OBJC_IMPLEMENTATIONS = YES;
				CLANG_WARN_DIRECT_OBJC_ISA_USAGE = YES_ERROR;
				CLANG_WARN_DOCUMENTATION_COMMENTS = YES;
				CLANG_WARN_EMPTY_BODY = YES;
				CLANG_WARN_ENUM_CONVERSION = YES;
				CLANG_WARN_INFINITE_RECURSION = YES;
				CLANG_WARN_INT_CONVERSION = YES;
				CLANG_WARN_NON_LITERAL_NULL_CONVERSION = YES;
				CLANG_WARN_OBJC_IMPLICIT_RETAIN_SELF = YES;
				CLANG_WARN_OBJC_LITERAL_CONVERSION = YES;
				CLANG_WARN_OBJC_ROOT_CLASS = YES_ERROR;
				CLANG_WARN_QUOTED_INCLUDE_IN_FRAMEWORK_HEADER = YES;
				CLANG_WARN_RANGE_LOOP_ANALYSIS = YES;
				CLANG_WARN_STRICT_PROTOTYPES = YES;
				CLANG_WARN_SUSPICIOUS_MOVE = YES;
				CLANG_WARN_UNGUARDED_AVAILABILITY = YES_AGGRESSIVE;
				CLANG_WARN_UNREACHABLE_CODE = YES;
				CLANG_WARN__DUPLICATE_METHOD_MATCH = YES;
				COPY_PHASE_STRIP = NO;
				DEBUG_INFORMATION_FORMAT = dwarf;
				ENABLE_STRICT_OBJC_MSGSEND = YES;
				ENABLE_TESTABILITY = YES;
				GCC_C_LANGUAGE_STANDARD = gnu11;
				GCC_DYNAMIC_NO_PIC = NO;
				GCC_NO_COMMON_BLOCKS = YES;
				GCC_OPTIMIZATION_LEVEL = 0;
				GCC_PREPROCESSOR_DEFINITIONS = (
					"DEBUG=1",
					"$(inherited)",
				);
				GCC_WARN_64_TO_32_BIT_CONVERSION = YES;
				GCC_WARN_ABOUT_RETURN_TYPE = YES_ERROR;
				GCC_WARN_UNDECLARED_SELECTOR = YES;
				GCC_WARN_UNINITIALIZED_AUTOS = YES_AGGRESSIVE;
				GCC_WARN_UNUSED_FUNCTION = YES;
				GCC_WARN_UNUSED_VARIABLE = YES;
				IPHONEOS_DEPLOYMENT_TARGET = 15.0;
				MTL_ENABLE_DEBUG_INFO = INCLUDE_SOURCE;
				MTL_FAST_MATH = YES;
				ONLY_ACTIVE_ARCH = YES;
				SDKROOT = iphoneos;
			};
			name = Debug;
		};
		908F6F78283CD8F50050531B /* Release */ = {
			isa = XCBuildConfiguration;
			buildSettings = {
				ALWAYS_SEARCH_USER_PATHS = NO;
				CLANG_ANALYZER_NONNULL = YES;
				CLANG_ANALYZER_NUMBER_OBJECT_CONVERSION = YES_AGGRESSIVE;
				CLANG_CXX_LANGUAGE_STANDARD = "gnu++17";
				CLANG_CXX_LIBRARY = "libc++";
				CLANG_ENABLE_MODULES = YES;
				CLANG_ENABLE_OBJC_ARC = YES;
				CLANG_ENABLE_OBJC_WEAK = YES;
				CLANG_WARN_BLOCK_CAPTURE_AUTORELEASING = YES;
				CLANG_WARN_BOOL_CONVERSION = YES;
				CLANG_WARN_COMMA = YES;
				CLANG_WARN_CONSTANT_CONVERSION = YES;
				CLANG_WARN_DEPRECATED_OBJC_IMPLEMENTATIONS = YES;
				CLANG_WARN_DIRECT_OBJC_ISA_USAGE = YES_ERROR;
				CLANG_WARN_DOCUMENTATION_COMMENTS = YES;
				CLANG_WARN_EMPTY_BODY = YES;
				CLANG_WARN_ENUM_CONVERSION = YES;
				CLANG_WARN_INFINITE_RECURSION = YES;
				CLANG_WARN_INT_CONVERSION = YES;
				CLANG_WARN_NON_LITERAL_NULL_CONVERSION = YES;
				CLANG_WARN_OBJC_IMPLICIT_RETAIN_SELF = YES;
				CLANG_WARN_OBJC_LITERAL_CONVERSION = YES;
				CLANG_WARN_OBJC_ROOT_CLASS = YES_ERROR;
				CLANG_WARN_QUOTED_INCLUDE_IN_FRAMEWORK_HEADER = YES;
				CLANG_WARN_RANGE_LOOP_ANALYSIS = YES;
				CLANG_WARN_STRICT_PROTOTYPES = YES;
				CLANG_WARN_SUSPICIOUS_MOVE = YES;
				CLANG_WARN_UNGUARDED_AVAILABILITY = YES_AGGRESSIVE;
				CLANG_WARN_UNREACHABLE_CODE = YES;
				CLANG_WARN__DUPLICATE_METHOD_MATCH = YES;
				COPY_PHASE_STRIP = NO;
				DEBUG_INFORMATION_FORMAT = "dwarf-with-dsym";
				ENABLE_NS_ASSERTIONS = NO;
				ENABLE_STRICT_OBJC_MSGSEND = YES;
				GCC_C_LANGUAGE_STANDARD = gnu11;
				GCC_NO_COMMON_BLOCKS = YES;
				GCC_WARN_64_TO_32_BIT_CONVERSION = YES;
				GCC_WARN_ABOUT_RETURN_TYPE = YES_ERROR;
				GCC_WARN_UNDECLARED_SELECTOR = YES;
				GCC_WARN_UNINITIALIZED_AUTOS = YES_AGGRESSIVE;
				GCC_WARN_UNUSED_FUNCTION = YES;
				GCC_WARN_UNUSED_VARIABLE = YES;
				IPHONEOS_DEPLOYMENT_TARGET = 15.0;
				MTL_ENABLE_DEBUG_INFO = NO;
				MTL_FAST_MATH = YES;
				SDKROOT = iphoneos;
				VALIDATE_PRODUCT = YES;
			};
			name = Release;
		};
		908F6F7A283CD8F50050531B /* Debug */ = {
			isa = XCBuildConfiguration;
			buildSettings = {
				ASSETCATALOG_COMPILER_APPICON_NAME = AppIcon;
				ASSETCATALOG_COMPILER_GLOBAL_ACCENT_COLOR_NAME = AccentColor;
				CODE_SIGN_STYLE = Automatic;
				CURRENT_PROJECT_VERSION = 1;
				DEVELOPMENT_TEAM = 9T97Q4ATZ2;
				GENERATE_INFOPLIST_FILE = YES;
				INFOPLIST_FILE = ObjectiveCApp1/Info.plist;
				INFOPLIST_KEY_UIApplicationSupportsIndirectInputEvents = YES;
				INFOPLIST_KEY_UILaunchStoryboardName = LaunchScreen;
				INFOPLIST_KEY_UIMainStoryboardFile = Main;
				INFOPLIST_KEY_UISupportedInterfaceOrientations_iPad = "UIInterfaceOrientationPortrait UIInterfaceOrientationPortraitUpsideDown UIInterfaceOrientationLandscapeLeft UIInterfaceOrientationLandscapeRight";
				INFOPLIST_KEY_UISupportedInterfaceOrientations_iPhone = "UIInterfaceOrientationPortrait UIInterfaceOrientationLandscapeLeft UIInterfaceOrientationLandscapeRight";
				LD_RUNPATH_SEARCH_PATHS = (
					"$(inherited)",
					"@executable_path/Frameworks",
				);
				MARKETING_VERSION = 1.0;
				PRODUCT_BUNDLE_IDENTIFIER = com.caspersdk.ObjectiveCApp1;
				PRODUCT_NAME = "$(TARGET_NAME)";
				SWIFT_EMIT_LOC_STRINGS = YES;
				TARGETED_DEVICE_FAMILY = "1,2";
			};
			name = Debug;
		};
		908F6F7B283CD8F50050531B /* Release */ = {
			isa = XCBuildConfiguration;
			buildSettings = {
				ASSETCATALOG_COMPILER_APPICON_NAME = AppIcon;
				ASSETCATALOG_COMPILER_GLOBAL_ACCENT_COLOR_NAME = AccentColor;
				CODE_SIGN_STYLE = Automatic;
				CURRENT_PROJECT_VERSION = 1;
				DEVELOPMENT_TEAM = 9T97Q4ATZ2;
				GENERATE_INFOPLIST_FILE = YES;
				INFOPLIST_FILE = ObjectiveCApp1/Info.plist;
				INFOPLIST_KEY_UIApplicationSupportsIndirectInputEvents = YES;
				INFOPLIST_KEY_UILaunchStoryboardName = LaunchScreen;
				INFOPLIST_KEY_UIMainStoryboardFile = Main;
				INFOPLIST_KEY_UISupportedInterfaceOrientations_iPad = "UIInterfaceOrientationPortrait UIInterfaceOrientationPortraitUpsideDown UIInterfaceOrientationLandscapeLeft UIInterfaceOrientationLandscapeRight";
				INFOPLIST_KEY_UISupportedInterfaceOrientations_iPhone = "UIInterfaceOrientationPortrait UIInterfaceOrientationLandscapeLeft UIInterfaceOrientationLandscapeRight";
				LD_RUNPATH_SEARCH_PATHS = (
					"$(inherited)",
					"@executable_path/Frameworks",
				);
				MARKETING_VERSION = 1.0;
				PRODUCT_BUNDLE_IDENTIFIER = com.caspersdk.ObjectiveCApp1;
				PRODUCT_NAME = "$(TARGET_NAME)";
				SWIFT_EMIT_LOC_STRINGS = YES;
				TARGETED_DEVICE_FAMILY = "1,2";
			};
			name = Release;
		};
		908F6F7D283CD8F50050531B /* Debug */ = {
			isa = XCBuildConfiguration;
			buildSettings = {
				BUNDLE_LOADER = "$(TEST_HOST)";
				CODE_SIGN_STYLE = Automatic;
				CURRENT_PROJECT_VERSION = 1;
				DEVELOPMENT_TEAM = 9T97Q4ATZ2;
				GENERATE_INFOPLIST_FILE = YES;
				IPHONEOS_DEPLOYMENT_TARGET = 15.0;
				LD_RUNPATH_SEARCH_PATHS = (
					"$(inherited)",
					"@executable_path/Frameworks",
					"@loader_path/Frameworks",
				);
				MARKETING_VERSION = 1.0;
				PRODUCT_BUNDLE_IDENTIFIER = com.caspersdk.ObjectiveCApp1Tests;
				PRODUCT_NAME = "$(TARGET_NAME)";
				SWIFT_EMIT_LOC_STRINGS = NO;
				TARGETED_DEVICE_FAMILY = "1,2";
				TEST_HOST = "$(BUILT_PRODUCTS_DIR)/CasperSDKSampleCall.app/CasperSDKSampleCall";
			};
			name = Debug;
		};
		908F6F7E283CD8F50050531B /* Release */ = {
			isa = XCBuildConfiguration;
			buildSettings = {
				BUNDLE_LOADER = "$(TEST_HOST)";
				CODE_SIGN_STYLE = Automatic;
				CURRENT_PROJECT_VERSION = 1;
				DEVELOPMENT_TEAM = 9T97Q4ATZ2;
				GENERATE_INFOPLIST_FILE = YES;
				IPHONEOS_DEPLOYMENT_TARGET = 15.0;
				LD_RUNPATH_SEARCH_PATHS = (
					"$(inherited)",
					"@executable_path/Frameworks",
					"@loader_path/Frameworks",
				);
				MARKETING_VERSION = 1.0;
				PRODUCT_BUNDLE_IDENTIFIER = com.caspersdk.ObjectiveCApp1Tests;
				PRODUCT_NAME = "$(TARGET_NAME)";
				SWIFT_EMIT_LOC_STRINGS = NO;
				TARGETED_DEVICE_FAMILY = "1,2";
				TEST_HOST = "$(BUILT_PRODUCTS_DIR)/CasperSDKSampleCall.app/CasperSDKSampleCall";
			};
			name = Release;
		};
		908F6F80283CD8F50050531B /* Debug */ = {
			isa = XCBuildConfiguration;
			buildSettings = {
				CODE_SIGN_STYLE = Automatic;
				CURRENT_PROJECT_VERSION = 1;
				DEVELOPMENT_TEAM = 9T97Q4ATZ2;
				GENERATE_INFOPLIST_FILE = YES;
				LD_RUNPATH_SEARCH_PATHS = (
					"$(inherited)",
					"@executable_path/Frameworks",
					"@loader_path/Frameworks",
				);
				MARKETING_VERSION = 1.0;
				PRODUCT_BUNDLE_IDENTIFIER = com.caspersdk.ObjectiveCApp1UITests;
				PRODUCT_NAME = "$(TARGET_NAME)";
				SWIFT_EMIT_LOC_STRINGS = NO;
				TARGETED_DEVICE_FAMILY = "1,2";
				TEST_TARGET_NAME = ObjectiveCApp1;
			};
			name = Debug;
		};
		908F6F81283CD8F50050531B /* Release */ = {
			isa = XCBuildConfiguration;
			buildSettings = {
				CODE_SIGN_STYLE = Automatic;
				CURRENT_PROJECT_VERSION = 1;
				DEVELOPMENT_TEAM = 9T97Q4ATZ2;
				GENERATE_INFOPLIST_FILE = YES;
				LD_RUNPATH_SEARCH_PATHS = (
					"$(inherited)",
					"@executable_path/Frameworks",
					"@loader_path/Frameworks",
				);
				MARKETING_VERSION = 1.0;
				PRODUCT_BUNDLE_IDENTIFIER = com.caspersdk.ObjectiveCApp1UITests;
				PRODUCT_NAME = "$(TARGET_NAME)";
				SWIFT_EMIT_LOC_STRINGS = NO;
				TARGETED_DEVICE_FAMILY = "1,2";
				TEST_TARGET_NAME = ObjectiveCApp1;
			};
			name = Release;
		};
/* End XCBuildConfiguration section */

/* Begin XCConfigurationList section */
		908F6F45283CD8F30050531B /* Build configuration list for PBXProject "CasperSDKSampleCall" */ = {
			isa = XCConfigurationList;
			buildConfigurations = (
				908F6F77283CD8F50050531B /* Debug */,
				908F6F78283CD8F50050531B /* Release */,
			);
			defaultConfigurationIsVisible = 0;
			defaultConfigurationName = Release;
		};
		908F6F79283CD8F50050531B /* Build configuration list for PBXNativeTarget "CasperSDKSampleCall" */ = {
			isa = XCConfigurationList;
			buildConfigurations = (
				908F6F7A283CD8F50050531B /* Debug */,
				908F6F7B283CD8F50050531B /* Release */,
			);
			defaultConfigurationIsVisible = 0;
			defaultConfigurationName = Release;
		};
		908F6F7C283CD8F50050531B /* Build configuration list for PBXNativeTarget "CasperSDKSampleCallTests" */ = {
			isa = XCConfigurationList;
			buildConfigurations = (
				908F6F7D283CD8F50050531B /* Debug */,
				908F6F7E283CD8F50050531B /* Release */,
			);
			defaultConfigurationIsVisible = 0;
			defaultConfigurationName = Release;
		};
		908F6F7F283CD8F50050531B /* Build configuration list for PBXNativeTarget "CasperSDKSampleCallUITests" */ = {
			isa = XCConfigurationList;
			buildConfigurations = (
				908F6F80283CD8F50050531B /* Debug */,
				908F6F81283CD8F50050531B /* Release */,
			);
			defaultConfigurationIsVisible = 0;
			defaultConfigurationName = Release;
		};
/* End XCConfigurationList section */

/* Begin XCRemoteSwiftPackageReference section */
		9014602C283E178100C18D1B /* XCRemoteSwiftPackageReference "Casper-ObjectiveC-sdk" */ = {
			isa = XCRemoteSwiftPackageReference;
			repositoryURL = "https://github.com/tqhuy2018/Casper-ObjectiveC-sdk.git";
			requirement = {
				branch = main;
				kind = branch;
			};
		};
		90EAADCD283D014D00FECDB6 /* XCRemoteSwiftPackageReference "SampleLibraryInObjectiveC1" */ = {
			isa = XCRemoteSwiftPackageReference;
			repositoryURL = "https://github.com/hienbui9999/SampleLibraryInObjectiveC1.git";
			requirement = {
				branch = main;
				kind = branch;
			};
		};
/* End XCRemoteSwiftPackageReference section */

/* Begin XCSwiftPackageProductDependency section */
		9014602D283E178100C18D1B /* CasperSDKObjectiveC */ = {
			isa = XCSwiftPackageProductDependency;
			package = 9014602C283E178100C18D1B /* XCRemoteSwiftPackageReference "Casper-ObjectiveC-sdk" */;
			productName = CasperSDKObjectiveC;
		};
		90EAADCE283D014D00FECDB6 /* FakeGTMSessionFetcher */ = {
			isa = XCSwiftPackageProductDependency;
			package = 90EAADCD283D014D00FECDB6 /* XCRemoteSwiftPackageReference "SampleLibraryInObjectiveC1" */;
			productName = FakeGTMSessionFetcher;
		};
		90EAADD0283D014D00FECDB6 /* FakeGTMSessionFetcherCore */ = {
			isa = XCSwiftPackageProductDependency;
			package = 90EAADCD283D014D00FECDB6 /* XCRemoteSwiftPackageReference "SampleLibraryInObjectiveC1" */;
			productName = FakeGTMSessionFetcherCore;
		};
		90EAADD2283D014D00FECDB6 /* FakeGTMSessionFetcherFull */ = {
			isa = XCSwiftPackageProductDependency;
			package = 90EAADCD283D014D00FECDB6 /* XCRemoteSwiftPackageReference "SampleLibraryInObjectiveC1" */;
			productName = FakeGTMSessionFetcherFull;
		};
		90EAADD4283D014D00FECDB6 /* FakeGTMSessionFetcherLogView */ = {
			isa = XCSwiftPackageProductDependency;
			package = 90EAADCD283D014D00FECDB6 /* XCRemoteSwiftPackageReference "SampleLibraryInObjectiveC1" */;
			productName = FakeGTMSessionFetcherLogView;
		};
/* End XCSwiftPackageProductDependency section */
	};
	rootObject = 908F6F42283CD8F30050531B /* Project object */;
}
