{
  "object": {
    "pins": [
      {
        "package": "ASN1",
        "repositoryURL": "https://github.com/leif-ibsen/ASN1",
        "state": {
          "branch": null,
          "revision": "21499128ce5f58a73f0ff83c9a1174578cde4723",
          "version": "2.0.1"
        }
      },
      {
        "package": "BigInt",
        "repositoryURL": "https://github.com/leif-ibsen/BigInt",
        "state": {
          "branch": null,
          "revision": "9e79977c6be2590f737c01dc891abd7283b9505c",
          "version": "1.3.1"
        }
      },
      {
        "package": "Blake2",
        "repositoryURL": "https://github.com/tesseract-one/Blake2.swift.git",
        "state": {
          "branch": null,
          "revision": "106f68231100021e1f745779e241f81a065ad0de",
          "version": "0.1.2"
        }
      },
      {
        "package": "CasperSDKObjectiveC",
        "repositoryURL": "https://github.com/tqhuy2018/Casper-ObjectiveC-sdk.git",
        "state": {
          "branch": "main",
          "revision": "4ee754ca8fd6da0551a3f70c7ddab88c9428ed70",
          "version": null
        }
      },
      {
        "package": "CasperCryptoHandlePackage",
        "repositoryURL": "https://github.com/hienbui9999/CasperCryptoHandlePackage.git",
        "state": {
          "branch": null,
          "revision": "d1ca843697875630159644c076c1c768f8af0c47",
          "version": "1.0.1"
        }
      },
      {
        "package": "FakeGTMSessionFetcher",
        "repositoryURL": "https://github.com/hienbui9999/SampleLibraryInObjectiveC1.git",
        "state": {
          "branch": "main",
          "revision": "6e67dc5841ded1fc03590d540ca7cf38d669c53d",
          "version": null
        }
      },
      {
        "package": "SwiftECC",
        "repositoryURL": "https://github.com/leif-ibsen/SwiftECC",
        "state": {
          "branch": null,
          "revision": "3fccb04a28aa605042c21889684309a5ff98fe98",
          "version": "3.4.0"
        }
      }
    ]
  },
  "version": 1
}
